
Microsoft Visual Studio Solution File, Format Version 12.00
# Visual Studio Version 17
VisualStudioVersion = 17.6.33815.320
MinimumVisualStudioVersion = 10.0.40219.1
Project("{9A19103F-16F7-4668-BE54-9A1E7A4F7556}") = "Core.Persistence", "Core.Persistence\Core.Persistence.csproj", "{23949D2B-0E52-41ED-9076-2EF9AF07A8F9}"
EndProject
Project("{9A19103F-16F7-4668-BE54-9A1E7A4F7556}") = "Core.Application", "Core.Application\Core.Application.csproj", "{41E437A0-70F1-430B-BCE1-F2AF235B4F3A}"
EndProject
Project("{9A19103F-16F7-4668-BE54-9A1E7A4F7556}") = "Core.CrossCuttingConcerns", "Core.CrossCuttingConcerns\Core.CrossCuttingConcerns.csproj", "{45C516BF-530D-4406-95B4-1C8C8C5C31AB}"
EndProject
Project("{FAE04EC0-301F-11D3-BF4B-00C04F79EFBC}") = "Core.Security", "Core.Security\Core.Security.csproj", "{B6DBAF82-B385-448D-991F-8CDBDC30C096}"
EndProject
Global
	GlobalSection(SolutionConfigurationPlatforms) = preSolution
		Debug|Any CPU = Debug|Any CPU
		Release|Any CPU = Release|Any CPU
	EndGlobalSection
	GlobalSection(ProjectConfigurationPlatforms) = postSolution
		{23949D2B-0E52-41ED-9076-2EF9AF07A8F9}.Debug|Any CPU.ActiveCfg = Debug|Any CPU
		{23949D2B-0E52-41ED-9076-2EF9AF07A8F9}.Debug|Any CPU.Build.0 = Debug|Any CPU
		{23949D2B-0E52-41ED-9076-2EF9AF07A8F9}.Release|Any CPU.ActiveCfg = Release|Any CPU
		{23949D2B-0E52-41ED-9076-2EF9AF07A8F9}.Release|Any CPU.Build.0 = Release|Any CPU
		{41E437A0-70F1-430B-BCE1-F2AF235B4F3A}.Debug|Any CPU.ActiveCfg = Debug|Any CPU
		{41E437A0-70F1-430B-BCE1-F2AF235B4F3A}.Debug|Any CPU.Build.0 = Debug|Any CPU
		{41E437A0-70F1-430B-BCE1-F2AF235B4F3A}.Release|Any CPU.ActiveCfg = Release|Any CPU
		{41E437A0-70F1-430B-BCE1-F2AF235B4F3A}.Release|Any CPU.Build.0 = Release|Any CPU
		{45C516BF-530D-4406-95B4-1C8C8C5C31AB}.Debug|Any CPU.ActiveCfg = Debug|Any CPU
		{45C516BF-530D-4406-95B4-1C8C8C5C31AB}.Debug|Any CPU.Build.0 = Debug|Any CPU
		{45C516BF-530D-4406-95B4-1C8C8C5C31AB}.Release|Any CPU.ActiveCfg = Release|Any CPU
		{45C516BF-530D-4406-95B4-1C8C8C5C31AB}.Release|Any CPU.Build.0 = Release|Any CPU
		{B6DBAF82-B385-448D-991F-8CDBDC30C096}.Debug|Any CPU.ActiveCfg = Debug|Any CPU
		{B6DBAF82-B385-448D-991F-8CDBDC30C096}.Debug|Any CPU.Build.0 = Debug|Any CPU
		{B6DBAF82-B385-448D-991F-8CDBDC30C096}.Release|Any CPU.ActiveCfg = Release|Any CPU
		{B6DBAF82-B385-448D-991F-8CDBDC30C096}.Release|Any CPU.Build.0 = Release|Any CPU
	EndGlobalSection
	GlobalSection(SolutionProperties) = preSolution
		HideSolutionNode = FALSE
	EndGlobalSection
	GlobalSection(ExtensibilityGlobals) = postSolution
		SolutionGuid = {E43289ED-D061-4B7E-AF29-B5A323F838F4}
	EndGlobalSection
EndGlobal
