
Microsoft Visual Studio Solution File, Format Version 12.00
# Visual Studio Version 17
VisualStudioVersion = 17.6.33815.320
MinimumVisualStudioVersion = 10.0.40219.1
Project("{FAE04EC0-301F-11D3-BF4B-00C04F79EFBC}") = "WebApi", "WebApi\WebApi.csproj", "{51661ED7-F0B8-420E-AE77-94F0AC5C7B28}"
EndProject
Project("{FAE04EC0-301F-11D3-BF4B-00C04F79EFBC}") = "Persistance", "Persistance\Persistance.csproj", "{AF0909DF-B1C6-4A3D-985C-4FF6A07C44C1}"
EndProject
Project("{FAE04EC0-301F-11D3-BF4B-00C04F79EFBC}") = "Domain", "Domain\Domain.csproj", "{31BB44A4-E1DE-4DF4-8084-5AB8E375A91F}"
EndProject
Project("{FAE04EC0-301F-11D3-BF4B-00C04F79EFBC}") = "Application", "Application\Application.csproj", "{628B1811-EBA5-4A36-B1C4-F9D08F52F1A7}"
EndProject
Project("{FAE04EC0-301F-11D3-BF4B-00C04F79EFBC}") = "Infrastructure", "Infrastructure\Infrastructure.csproj", "{BE6E5ABD-6879-418F-B7F1-E464D4960575}"
EndProject
Global
	GlobalSection(SolutionConfigurationPlatforms) = preSolution
		Debug|Any CPU = Debug|Any CPU
		Release|Any CPU = Release|Any CPU
	EndGlobalSection
	GlobalSection(ProjectConfigurationPlatforms) = postSolution
		{51661ED7-F0B8-420E-AE77-94F0AC5C7B28}.Debug|Any CPU.ActiveCfg = Debug|Any CPU
		{51661ED7-F0B8-420E-AE77-94F0AC5C7B28}.Debug|Any CPU.Build.0 = Debug|Any CPU
		{51661ED7-F0B8-420E-AE77-94F0AC5C7B28}.Release|Any CPU.ActiveCfg = Release|Any CPU
		{51661ED7-F0B8-420E-AE77-94F0AC5C7B28}.Release|Any CPU.Build.0 = Release|Any CPU
		{AF0909DF-B1C6-4A3D-985C-4FF6A07C44C1}.Debug|Any CPU.ActiveCfg = Debug|Any CPU
		{AF0909DF-B1C6-4A3D-985C-4FF6A07C44C1}.Debug|Any CPU.Build.0 = Debug|Any CPU
		{AF0909DF-B1C6-4A3D-985C-4FF6A07C44C1}.Release|Any CPU.ActiveCfg = Release|Any CPU
		{AF0909DF-B1C6-4A3D-985C-4FF6A07C44C1}.Release|Any CPU.Build.0 = Release|Any CPU
		{31BB44A4-E1DE-4DF4-8084-5AB8E375A91F}.Debug|Any CPU.ActiveCfg = Debug|Any CPU
		{31BB44A4-E1DE-4DF4-8084-5AB8E375A91F}.Debug|Any CPU.Build.0 = Debug|Any CPU
		{31BB44A4-E1DE-4DF4-8084-5AB8E375A91F}.Release|Any CPU.ActiveCfg = Release|Any CPU
		{31BB44A4-E1DE-4DF4-8084-5AB8E375A91F}.Release|Any CPU.Build.0 = Release|Any CPU
		{628B1811-EBA5-4A36-B1C4-F9D08F52F1A7}.Debug|Any CPU.ActiveCfg = Debug|Any CPU
		{628B1811-EBA5-4A36-B1C4-F9D08F52F1A7}.Debug|Any CPU.Build.0 = Debug|Any CPU
		{628B1811-EBA5-4A36-B1C4-F9D08F52F1A7}.Release|Any CPU.ActiveCfg = Release|Any CPU
		{628B1811-EBA5-4A36-B1C4-F9D08F52F1A7}.Release|Any CPU.Build.0 = Release|Any CPU
		{BE6E5ABD-6879-418F-B7F1-E464D4960575}.Debug|Any CPU.ActiveCfg = Debug|Any CPU
		{BE6E5ABD-6879-418F-B7F1-E464D4960575}.Debug|Any CPU.Build.0 = Debug|Any CPU
		{BE6E5ABD-6879-418F-B7F1-E464D4960575}.Release|Any CPU.ActiveCfg = Release|Any CPU
		{BE6E5ABD-6879-418F-B7F1-E464D4960575}.Release|Any CPU.Build.0 = Release|Any CPU
	EndGlobalSection
	GlobalSection(SolutionProperties) = preSolution
		HideSolutionNode = FALSE
	EndGlobalSection
	GlobalSection(ExtensibilityGlobals) = postSolution
		SolutionGuid = {5439B645-69DF-4A7F-A679-823FEC669563}
	EndGlobalSection
EndGlobal
